// !$*UTF8*$!
{
	archiveVersion = 1;
	classes = {
	};
	objectVersion = 50;
	objects = {

/* Begin PBXBuildFile section */
		152AC5B723671B5D008A554C /* AppDelegate.swift in Sources */ = {isa = PBXBuildFile; fileRef = 152AC5B623671B5C008A554C /* AppDelegate.swift */; };
		152AC5B923671B5D008A554C /* SceneDelegate.swift in Sources */ = {isa = PBXBuildFile; fileRef = 152AC5B823671B5D008A554C /* SceneDelegate.swift */; };
		152AC5BB23671B5E008A554C /* ContentView.swift in Sources */ = {isa = PBXBuildFile; fileRef = 152AC5BA23671B5E008A554C /* ContentView.swift */; };
		152AC5BD23671CDD008A554C /* Assets.xcassets in Resources */ = {isa = PBXBuildFile; fileRef = 152AC5BC23671CDD008A554C /* Assets.xcassets */; };
		152AC5C023671CDD008A554C /* Preview Assets.xcassets in Resources */ = {isa = PBXBuildFile; fileRef = 152AC5BF23671CDD008A554C /* Preview Assets.xcassets */; };
		152AC5C323671CDD008A554C /* LaunchScreen.storyboard in Resources */ = {isa = PBXBuildFile; fileRef = 152AC5C123671CDD008A554C /* LaunchScreen.storyboard */; };
		152AC5CE23671CF9008A554C /* SwiftUIDemoTests.swift in Sources */ = {isa = PBXBuildFile; fileRef = 152AC5CD23671CF9008A554C /* SwiftUIDemoTests.swift */; };
		152AC5D923671CFA008A554C /* SwiftUIDemoUITests.swift in Sources */ = {isa = PBXBuildFile; fileRef = 152AC5D823671CFA008A554C /* SwiftUIDemoUITests.swift */; };
/* End PBXBuildFile section */

/* Begin PBXContainerItemProxy section */
		152AC5CA23671CF9008A554C /* PBXContainerItemProxy */ = {
			isa = PBXContainerItemProxy;
			containerPortal = 152AC5AB23671B5C008A554C /* Project object */;
			proxyType = 1;
			remoteGlobalIDString = 152AC5B223671B5C008A554C;
			remoteInfo = SwiftUIDemo;
		};
		152AC5D523671CFA008A554C /* PBXContainerItemProxy */ = {
			isa = PBXContainerItemProxy;
			containerPortal = 152AC5AB23671B5C008A554C /* Project object */;
			proxyType = 1;
			remoteGlobalIDString = 152AC5B223671B5C008A554C;
			remoteInfo = SwiftUIDemo;
		};
/* End PBXContainerItemProxy section */

/* Begin PBXFileReference section */
		152AC5B323671B5C008A554C /* SwiftUIDemo.app */ = {isa = PBXFileReference; explicitFileType = wrapper.application; includeInIndex = 0; path = SwiftUIDemo.app; sourceTree = BUILT_PRODUCTS_DIR; };
		152AC5B623671B5C008A554C /* AppDelegate.swift */ = {isa = PBXFileReference; lastKnownFileType = sourcecode.swift; path = AppDelegate.swift; sourceTree = "<group>"; };
		152AC5B823671B5D008A554C /* SceneDelegate.swift */ = {isa = PBXFileReference; lastKnownFileType = sourcecode.swift; path = SceneDelegate.swift; sourceTree = "<group>"; };
		152AC5BA23671B5E008A554C /* ContentView.swift */ = {isa = PBXFileReference; lastKnownFileType = sourcecode.swift; path = ContentView.swift; sourceTree = "<group>"; };
		152AC5BC23671CDD008A554C /* Assets.xcassets */ = {isa = PBXFileReference; lastKnownFileType = folder.assetcatalog; path = Assets.xcassets; sourceTree = "<group>"; };
		152AC5BF23671CDD008A554C /* Preview Assets.xcassets */ = {isa = PBXFileReference; lastKnownFileType = folder.assetcatalog; path = "Preview Assets.xcassets"; sourceTree = "<group>"; };
		152AC5C223671CDD008A554C /* Base */ = {isa = PBXFileReference; lastKnownFileType = file.storyboard; name = Base; path = Base.lproj/LaunchScreen.storyboard; sourceTree = "<group>"; };
		152AC5C423671CDE008A554C /* Info.plist */ = {isa = PBXFileReference; lastKnownFileType = text.plist.xml; path = Info.plist; sourceTree = "<group>"; };
		152AC5C923671CF9008A554C /* SwiftUIDemoTests.xctest */ = {isa = PBXFileReference; explicitFileType = wrapper.cfbundle; includeInIndex = 0; path = SwiftUIDemoTests.xctest; sourceTree = BUILT_PRODUCTS_DIR; };
		152AC5CD23671CF9008A554C /* SwiftUIDemoTests.swift */ = {isa = PBXFileReference; lastKnownFileType = sourcecode.swift; path = SwiftUIDemoTests.swift; sourceTree = "<group>"; };
		152AC5CF23671CFA008A554C /* Info.plist */ = {isa = PBXFileReference; lastKnownFileType = text.plist.xml; path = Info.plist; sourceTree = "<group>"; };
		152AC5D423671CFA008A554C /* SwiftUIDemoUITests.xctest */ = {isa = PBXFileReference; explicitFileType = wrapper.cfbundle; includeInIndex = 0; path = SwiftUIDemoUITests.xctest; sourceTree = BUILT_PRODUCTS_DIR; };
		152AC5D823671CFA008A554C /* SwiftUIDemoUITests.swift */ = {isa = PBXFileReference; lastKnownFileType = sourcecode.swift; path = SwiftUIDemoUITests.swift; sourceTree = "<group>"; };
		152AC5DA23671CFA008A554C /* Info.plist */ = {isa = PBXFileReference; lastKnownFileType = text.plist.xml; path = Info.plist; sourceTree = "<group>"; };
/* End PBXFileReference section */

/* Begin PBXFrameworksBuildPhase section */
		152AC5B023671B5C008A554C /* Frameworks */ = {
			isa = PBXFrameworksBuildPhase;
			buildActionMask = 2147483647;
			files = (
			);
			runOnlyForDeploymentPostprocessing = 0;
		};
		152AC5C623671CF9008A554C /* Frameworks */ = {
			isa = PBXFrameworksBuildPhase;
			buildActionMask = 2147483647;
			files = (
			);
			runOnlyForDeploymentPostprocessing = 0;
		};
		152AC5D123671CFA008A554C /* Frameworks */ = {
			isa = PBXFrameworksBuildPhase;
			buildActionMask = 2147483647;
			files = (
			);
			runOnlyForDeploymentPostprocessing = 0;
		};
/* End PBXFrameworksBuildPhase section */

/* Begin PBXGroup section */
		152AC5AA23671B5C008A554C = {
			isa = PBXGroup;
			children = (
				152AC5B523671B5C008A554C /* SwiftUIDemo */,
				152AC5CC23671CF9008A554C /* SwiftUIDemoTests */,
				152AC5D723671CFA008A554C /* SwiftUIDemoUITests */,
				152AC5B423671B5C008A554C /* Products */,
			);
			sourceTree = "<group>";
		};
		152AC5B423671B5C008A554C /* Products */ = {
			isa = PBXGroup;
			children = (
				152AC5B323671B5C008A554C /* SwiftUIDemo.app */,
				152AC5C923671CF9008A554C /* SwiftUIDemoTests.xctest */,
				152AC5D423671CFA008A554C /* SwiftUIDemoUITests.xctest */,
			);
			name = Products;
			sourceTree = "<group>";
		};
		152AC5B523671B5C008A554C /* SwiftUIDemo */ = {
			isa = PBXGroup;
			children = (
				152AC5B623671B5C008A554C /* AppDelegate.swift */,
				152AC5B823671B5D008A554C /* SceneDelegate.swift */,
				152AC5BA23671B5E008A554C /* ContentView.swift */,
				152AC5BC23671CDD008A554C /* Assets.xcassets */,
				152AC5C123671CDD008A554C /* LaunchScreen.storyboard */,
				152AC5C423671CDE008A554C /* Info.plist */,
				152AC5BE23671CDD008A554C /* Preview Content */,
			);
			path = SwiftUIDemo;
			sourceTree = "<group>";
		};
		152AC5BE23671CDD008A554C /* Preview Content */ = {
			isa = PBXGroup;
			children = (
				152AC5BF23671CDD008A554C /* Preview Assets.xcassets */,
			);
			path = "Preview Content";
			sourceTree = "<group>";
		};
		152AC5CC23671CF9008A554C /* SwiftUIDemoTests */ = {
			isa = PBXGroup;
			children = (
				152AC5CD23671CF9008A554C /* SwiftUIDemoTests.swift */,
				152AC5CF23671CFA008A554C /* Info.plist */,
			);
			path = SwiftUIDemoTests;
			sourceTree = "<group>";
		};
		152AC5D723671CFA008A554C /* SwiftUIDemoUITests */ = {
			isa = PBXGroup;
			children = (
				152AC5D823671CFA008A554C /* SwiftUIDemoUITests.swift */,
				152AC5DA23671CFA008A554C /* Info.plist */,
			);
			path = SwiftUIDemoUITests;
			sourceTree = "<group>";
		};
/* End PBXGroup section */

/* Begin PBXNativeTarget section */
		152AC5B223671B5C008A554C /* SwiftUIDemo */ = {
			isa = PBXNativeTarget;
			buildConfigurationList = 152AC5DD23671CFA008A554C /* Build configuration list for PBXNativeTarget "SwiftUIDemo" */;
			buildPhases = (
				152AC5AF23671B5C008A554C /* Sources */,
				152AC5B023671B5C008A554C /* Frameworks */,
				152AC5B123671B5C008A554C /* Resources */,
			);
			buildRules = (
			);
			dependencies = (
			);
			name = SwiftUIDemo;
			productName = SwiftUIDemo;
			productReference = 152AC5B323671B5C008A554C /* SwiftUIDemo.app */;
			productType = "com.apple.product-type.application";
		};
		152AC5C823671CF9008A554C /* SwiftUIDemoTests */ = {
			isa = PBXNativeTarget;
			buildConfigurationList = 152AC5E023671CFA008A554C /* Build configuration list for PBXNativeTarget "SwiftUIDemoTests" */;
			buildPhases = (
				152AC5C523671CF9008A554C /* Sources */,
				152AC5C623671CF9008A554C /* Frameworks */,
				152AC5C723671CF9008A554C /* Resources */,
			);
			buildRules = (
			);
			dependencies = (
				152AC5CB23671CF9008A554C /* PBXTargetDependency */,
			);
			name = SwiftUIDemoTests;
			productName = SwiftUIDemoTests;
			productReference = 152AC5C923671CF9008A554C /* SwiftUIDemoTests.xctest */;
			productType = "com.apple.product-type.bundle.unit-test";
		};
		152AC5D323671CFA008A554C /* SwiftUIDemoUITests */ = {
			isa = PBXNativeTarget;
			buildConfigurationList = 152AC5E323671CFA008A554C /* Build configuration list for PBXNativeTarget "SwiftUIDemoUITests" */;
			buildPhases = (
				152AC5D023671CFA008A554C /* Sources */,
				152AC5D123671CFA008A554C /* Frameworks */,
				152AC5D223671CFA008A554C /* Resources */,
			);
			buildRules = (
			);
			dependencies = (
				152AC5D623671CFA008A554C /* PBXTargetDependency */,
			);
			name = SwiftUIDemoUITests;
			productName = SwiftUIDemoUITests;
			productReference = 152AC5D423671CFA008A554C /* SwiftUIDemoUITests.xctest */;
			productType = "com.apple.product-type.bundle.ui-testing";
		};
/* End PBXNativeTarget section */

/* Begin PBXProject section */
		152AC5AB23671B5C008A554C /* Project object */ = {
			isa = PBXProject;
			attributes = {
				LastSwiftUpdateCheck = 1110;
				LastUpgradeCheck = 1110;
				ORGANIZATIONNAME = viztarinfotech;
				TargetAttributes = {
					152AC5B223671B5C008A554C = {
						CreatedOnToolsVersion = 11.1;
					};
					152AC5C823671CF9008A554C = {
						CreatedOnToolsVersion = 11.1;
						TestTargetID = 152AC5B223671B5C008A554C;
					};
					152AC5D323671CFA008A554C = {
						CreatedOnToolsVersion = 11.1;
						TestTargetID = 152AC5B223671B5C008A554C;
					};
				};
			};
			buildConfigurationList = 152AC5AE23671B5C008A554C /* Build configuration list for PBXProject "SwiftUIDemo" */;
			compatibilityVersion = "Xcode 9.3";
			developmentRegion = en;
			hasScannedForEncodings = 0;
			knownRegions = (
				en,
				Base,
			);
			mainGroup = 152AC5AA23671B5C008A554C;
			productRefGroup = 152AC5B423671B5C008A554C /* Products */;
			projectDirPath = "";
			projectRoot = "";
			targets = (
				152AC5B223671B5C008A554C /* SwiftUIDemo */,
				152AC5C823671CF9008A554C /* SwiftUIDemoTests */,
				152AC5D323671CFA008A554C /* SwiftUIDemoUITests */,
			);
		};
/* End PBXProject section */

/* Begin PBXResourcesBuildPhase section */
		152AC5B123671B5C008A554C /* Resources */ = {
			isa = PBXResourcesBuildPhase;
			buildActionMask = 2147483647;
			files = (
				152AC5C323671CDD008A554C /* LaunchScreen.storyboard in Resources */,
				152AC5C023671CDD008A554C /* Preview Assets.xcassets in Resources */,
				152AC5BD23671CDD008A554C /* Assets.xcassets in Resources */,
			);
			runOnlyForDeploymentPostprocessing = 0;
		};
		152AC5C723671CF9008A554C /* Resources */ = {
			isa = PBXResourcesBuildPhase;
			buildActionMask = 2147483647;
			files = (
			);
			runOnlyForDeploymentPostprocessing = 0;
		};
		152AC5D223671CFA008A554C /* Resources */ = {
			isa = PBXResourcesBuildPhase;
			buildActionMask = 2147483647;
			files = (
			);
			runOnlyForDeploymentPostprocessing = 0;
		};
/* End PBXResourcesBuildPhase section */

/* Begin PBXSourcesBuildPhase section */
		152AC5AF23671B5C008A554C /* Sources */ = {
			isa = PBXSourcesBuildPhase;
			buildActionMask = 2147483647;
			files = (
				152AC5B723671B5D008A554C /* AppDelegate.swift in Sources */,
				152AC5B923671B5D008A554C /* SceneDelegate.swift in Sources */,
				152AC5BB23671B5E008A554C /* ContentView.swift in Sources */,
			);
			runOnlyForDeploymentPostprocessing = 0;
		};
		152AC5C523671CF9008A554C /* Sources */ = {
			isa = PBXSourcesBuildPhase;
			buildActionMask = 2147483647;
			files = (
				152AC5CE23671CF9008A554C /* SwiftUIDemoTests.swift in Sources */,
			);
			runOnlyForDeploymentPostprocessing = 0;
		};
		152AC5D023671CFA008A554C /* Sources */ = {
			isa = PBXSourcesBuildPhase;
			buildActionMask = 2147483647;
			files = (
				152AC5D923671CFA008A554C /* SwiftUIDemoUITests.swift in Sources */,
			);
			runOnlyForDeploymentPostprocessing = 0;
		};
/* End PBXSourcesBuildPhase section */

/* Begin PBXTargetDependency section */
		152AC5CB23671CF9008A554C /* PBXTargetDependency */ = {
			isa = PBXTargetDependency;
			target = 152AC5B223671B5C008A554C /* SwiftUIDemo */;
			targetProxy = 152AC5CA23671CF9008A554C /* PBXContainerItemProxy */;
		};
		152AC5D623671CFA008A554C /* PBXTargetDependency */ = {
			isa = PBXTargetDependency;
			target = 152AC5B223671B5C008A554C /* SwiftUIDemo */;
			targetProxy = 152AC5D523671CFA008A554C /* PBXContainerItemProxy */;
		};
/* End PBXTargetDependency section */

/* Begin PBXVariantGroup section */
		152AC5C123671CDD008A554C /* LaunchScreen.storyboard */ = {
			isa = PBXVariantGroup;
			children = (
				152AC5C223671CDD008A554C /* Base */,
			);
			name = LaunchScreen.storyboard;
			sourceTree = "<group>";
		};
/* End PBXVariantGroup section */

/* Begin XCBuildConfiguration section */
		152AC5DB23671CFA008A554C /* Debug */ = {
			isa = XCBuildConfiguration;
			buildSettings = {
				ALWAYS_SEARCH_USER_PATHS = NO;
				CLANG_ANALYZER_NONNULL = YES;
				CLANG_ANALYZER_NUMBER_OBJECT_CONVERSION = YES_AGGRESSIVE;
				CLANG_CXX_LANGUAGE_STANDARD = "gnu++14";
				CLANG_CXX_LIBRARY = "libc++";
				CLANG_ENABLE_MODULES = YES;
				CLANG_ENABLE_OBJC_ARC = YES;
				CLANG_ENABLE_OBJC_WEAK = YES;
				CLANG_WARN_BLOCK_CAPTURE_AUTORELEASING = YES;
				CLANG_WARN_BOOL_CONVERSION = YES;
				CLANG_WARN_COMMA = YES;
				CLANG_WARN_CONSTANT_CONVERSION = YES;
				CLANG_WARN_DEPRECATED_OBJC_IMPLEMENTATIONS = YES;
				CLANG_WARN_DIRECT_OBJC_ISA_USAGE = YES_ERROR;
				CLANG_WARN_DOCUMENTATION_COMMENTS = YES;
				CLANG_WARN_EMPTY_BODY = YES;
				CLANG_WARN_ENUM_CONVERSION = YES;
				CLANG_WARN_INFINITE_RECURSION = YES;
				CLANG_WARN_INT_CONVERSION = YES;
				CLANG_WARN_NON_LITERAL_NULL_CONVERSION = YES;
				CLANG_WARN_OBJC_IMPLICIT_RETAIN_SELF = YES;
				CLANG_WARN_OBJC_LITERAL_CONVERSION = YES;
				CLANG_WARN_OBJC_ROOT_CLASS = YES_ERROR;
				CLANG_WARN_RANGE_LOOP_ANALYSIS = YES;
				CLANG_WARN_STRICT_PROTOTYPES = YES;
				CLANG_WARN_SUSPICIOUS_MOVE = YES;
				CLANG_WARN_UNGUARDED_AVAILABILITY = YES_AGGRESSIVE;
				CLANG_WARN_UNREACHABLE_CODE = YES;
				CLANG_WARN__DUPLICATE_METHOD_MATCH = YES;
				COPY_PHASE_STRIP = NO;
				DEBUG_INFORMATION_FORMAT = dwarf;
				ENABLE_STRICT_OBJC_MSGSEND = YES;
				ENABLE_TESTABILITY = YES;
				GCC_C_LANGUAGE_STANDARD = gnu11;
				GCC_DYNAMIC_NO_PIC = NO;
				GCC_NO_COMMON_BLOCKS = YES;
				GCC_OPTIMIZATION_LEVEL = 0;
				GCC_PREPROCESSOR_DEFINITIONS = (
					"DEBUG=1",
					"$(inherited)",
				);
				GCC_WARN_64_TO_32_BIT_CONVERSION = YES;
				GCC_WARN_ABOUT_RETURN_TYPE = YES_ERROR;
				GCC_WARN_UNDECLARED_SELECTOR = YES;
				GCC_WARN_UNINITIALIZED_AUTOS = YES_AGGRESSIVE;
				GCC_WARN_UNUSED_FUNCTION = YES;
				GCC_WARN_UNUSED_VARIABLE = YES;
				IPHONEOS_DEPLOYMENT_TARGET = 13.1;
				MTL_ENABLE_DEBUG_INFO = INCLUDE_SOURCE;
				MTL_FAST_MATH = YES;
				ONLY_ACTIVE_ARCH = YES;
				SDKROOT = iphoneos;
				SWIFT_ACTIVE_COMPILATION_CONDITIONS = DEBUG;
				SWIFT_OPTIMIZATION_LEVEL = "-Onone";
			};
			name = Debug;
		};
		152AC5DC23671CFA008A554C /* Release */ = {
			isa = XCBuildConfiguration;
			buildSettings = {
				ALWAYS_SEARCH_USER_PATHS = NO;
				CLANG_ANALYZER_NONNULL = YES;
				CLANG_ANALYZER_NUMBER_OBJECT_CONVERSION = YES_AGGRESSIVE;
				CLANG_CXX_LANGUAGE_STANDARD = "gnu++14";
				CLANG_CXX_LIBRARY = "libc++";
				CLANG_ENABLE_MODULES = YES;
				CLANG_ENABLE_OBJC_ARC = YES;
				CLANG_ENABLE_OBJC_WEAK = YES;
				CLANG_WARN_BLOCK_CAPTURE_AUTORELEASING = YES;
				CLANG_WARN_BOOL_CONVERSION = YES;
				CLANG_WARN_COMMA = YES;
				CLANG_WARN_CONSTANT_CONVERSION = YES;
				CLANG_WARN_DEPRECATED_OBJC_IMPLEMENTATIONS = YES;
				CLANG_WARN_DIRECT_OBJC_ISA_USAGE = YES_ERROR;
				CLANG_WARN_DOCUMENTATION_COMMENTS = YES;
				CLANG_WARN_EMPTY_BODY = YES;
				CLANG_WARN_ENUM_CONVERSION = YES;
				CLANG_WARN_INFINITE_RECURSION = YES;
				CLANG_WARN_INT_CONVERSION = YES;
				CLANG_WARN_NON_LITERAL_NULL_CONVERSION = YES;
				CLANG_WARN_OBJC_IMPLICIT_RETAIN_SELF = YES;
				CLANG_WARN_OBJC_LITERAL_CONVERSION = YES;
				CLANG_WARN_OBJC_ROOT_CLASS = YES_ERROR;
				CLANG_WARN_RANGE_LOOP_ANALYSIS = YES;
				CLANG_WARN_STRICT_PROTOTYPES = YES;
				CLANG_WARN_SUSPICIOUS_MOVE = YES;
				CLANG_WARN_UNGUARDED_AVAILABILITY = YES_AGGRESSIVE;
				CLANG_WARN_UNREACHABLE_CODE = YES;
				CLANG_WARN__DUPLICATE_METHOD_MATCH = YES;
				COPY_PHASE_STRIP = NO;
				DEBUG_INFORMATION_FORMAT = "dwarf-with-dsym";
				ENABLE_NS_ASSERTIONS = NO;
				ENABLE_STRICT_OBJC_MSGSEND = YES;
				GCC_C_LANGUAGE_STANDARD = gnu11;
				GCC_NO_COMMON_BLOCKS = YES;
				GCC_WARN_64_TO_32_BIT_CONVERSION = YES;
				GCC_WARN_ABOUT_RETURN_TYPE = YES_ERROR;
				GCC_WARN_UNDECLARED_SELECTOR = YES;
				GCC_WARN_UNINITIALIZED_AUTOS = YES_AGGRESSIVE;
				GCC_WARN_UNUSED_FUNCTION = YES;
				GCC_WARN_UNUSED_VARIABLE = YES;
				IPHONEOS_DEPLOYMENT_TARGET = 13.1;
				MTL_ENABLE_DEBUG_INFO = NO;
				MTL_FAST_MATH = YES;
				SDKROOT = iphoneos;
				SWIFT_COMPILATION_MODE = wholemodule;
				SWIFT_OPTIMIZATION_LEVEL = "-O";
				VALIDATE_PRODUCT = YES;
			};
			name = Release;
		};
		152AC5DE23671CFA008A554C /* Debug */ = {
			isa = XCBuildConfiguration;
			buildSettings = {
				ASSETCATALOG_COMPILER_APPICON_NAME = AppIcon;
				CODE_SIGN_STYLE = Automatic;
				DEVELOPMENT_ASSET_PATHS = "\"SwiftUIDemo/Preview Content\"";
				DEVELOPMENT_TEAM = 98DKY6538X;
				ENABLE_PREVIEWS = YES;
				INFOPLIST_FILE = SwiftUIDemo/Info.plist;
				LD_RUNPATH_SEARCH_PATHS = (
					"$(inherited)",
					"@executable_path/Frameworks",
				);
				PRODUCT_BUNDLE_IDENTIFIER = com.viztarinfotech.SwiftUIDemo.SwiftUIDemo;
				PRODUCT_NAME = "$(TARGET_NAME)";
				SWIFT_VERSION = 5.0;
				TARGETED_DEVICE_FAMILY = "1,2";
			};
			name = Debug;
		};
		152AC5DF23671CFA008A554C /* Release */ = {
			isa = XCBuildConfiguration;
			buildSettings = {
				ASSETCATALOG_COMPILER_APPICON_NAME = AppIcon;
				CODE_SIGN_STYLE = Automatic;
				DEVELOPMENT_ASSET_PATHS = "\"SwiftUIDemo/Preview Content\"";
				DEVELOPMENT_TEAM = 98DKY6538X;
				ENABLE_PREVIEWS = YES;
				INFOPLIST_FILE = SwiftUIDemo/Info.plist;
				LD_RUNPATH_SEARCH_PATHS = (
					"$(inherited)",
					"@executable_path/Frameworks",
				);
				PRODUCT_BUNDLE_IDENTIFIER = com.viztarinfotech.SwiftUIDemo.SwiftUIDemo;
				PRODUCT_NAME = "$(TARGET_NAME)";
				SWIFT_VERSION = 5.0;
				TARGETED_DEVICE_FAMILY = "1,2";
			};
			name = Release;
		};
		152AC5E123671CFA008A554C /* Debug */ = {
			isa = XCBuildConfiguration;
			buildSettings = {
				ALWAYS_EMBED_SWIFT_STANDARD_LIBRARIES = YES;
				BUNDLE_LOADER = "$(TEST_HOST)";
				CODE_SIGN_STYLE = Automatic;
				DEVELOPMENT_TEAM = 98DKY6538X;
				INFOPLIST_FILE = SwiftUIDemoTests/Info.plist;
				IPHONEOS_DEPLOYMENT_TARGET = 13.1;
				LD_RUNPATH_SEARCH_PATHS = (
					"$(inherited)",
					"@executable_path/Frameworks",
					"@loader_path/Frameworks",
				);
				PRODUCT_BUNDLE_IDENTIFIER = com.viztarinfotech.SwiftUIDemo.SwiftUIDemoTests;
				PRODUCT_NAME = "$(TARGET_NAME)";
				SWIFT_VERSION = 5.0;
				TARGETED_DEVICE_FAMILY = "1,2";
				TEST_HOST = "$(BUILT_PRODUCTS_DIR)/SwiftUIDemo.app/SwiftUIDemo";
			};
			name = Debug;
		};
		152AC5E223671CFA008A554C /* Release */ = {
			isa = XCBuildConfiguration;
			buildSettings = {
				ALWAYS_EMBED_SWIFT_STANDARD_LIBRARIES = YES;
				BUNDLE_LOADER = "$(TEST_HOST)";
				CODE_SIGN_STYLE = Automatic;
				DEVELOPMENT_TEAM = 98DKY6538X;
				INFOPLIST_FILE = SwiftUIDemoTests/Info.plist;
				IPHONEOS_DEPLOYMENT_TARGET = 13.1;
				LD_RUNPATH_SEARCH_PATHS = (
					"$(inherited)",
					"@executable_path/Frameworks",
					"@loader_path/Frameworks",
				);
				PRODUCT_BUNDLE_IDENTIFIER = com.viztarinfotech.SwiftUIDemo.SwiftUIDemoTests;
				PRODUCT_NAME = "$(TARGET_NAME)";
				SWIFT_VERSION = 5.0;
				TARGETED_DEVICE_FAMILY = "1,2";
				TEST_HOST = "$(BUILT_PRODUCTS_DIR)/SwiftUIDemo.app/SwiftUIDemo";
			};
			name = Release;
		};
		152AC5E423671CFA008A554C /* Debug */ = {
			isa = XCBuildConfiguration;
			buildSettings = {
				ALWAYS_EMBED_SWIFT_STANDARD_LIBRARIES = YES;
				CODE_SIGN_STYLE = Automatic;
				DEVELOPMENT_TEAM = 98DKY6538X;
				INFOPLIST_FILE = SwiftUIDemoUITests/Info.plist;
				LD_RUNPATH_SEARCH_PATHS = (
					"$(inherited)",
					"@executable_path/Frameworks",
					"@loader_path/Frameworks",
				);
				PRODUCT_BUNDLE_IDENTIFIER = com.viztarinfotech.SwiftUIDemo.SwiftUIDemoUITests;
				PRODUCT_NAME = "$(TARGET_NAME)";
				SWIFT_VERSION = 5.0;
				TARGETED_DEVICE_FAMILY = "1,2";
				TEST_TARGET_NAME = SwiftUIDemo;
			};
			name = Debug;
		};
		152AC5E523671CFA008A554C /* Release */ = {
			isa = XCBuildConfiguration;
			buildSettings = {
				ALWAYS_EMBED_SWIFT_STANDARD_LIBRARIES = YES;
				CODE_SIGN_STYLE = Automatic;
				DEVELOPMENT_TEAM = 98DKY6538X;
				INFOPLIST_FILE = SwiftUIDemoUITests/Info.plist;
				LD_RUNPATH_SEARCH_PATHS = (
					"$(inherited)",
					"@executable_path/Frameworks",
					"@loader_path/Frameworks",
				);
				PRODUCT_BUNDLE_IDENTIFIER = com.viztarinfotech.SwiftUIDemo.SwiftUIDemoUITests;
				PRODUCT_NAME = "$(TARGET_NAME)";
				SWIFT_VERSION = 5.0;
				TARGETED_DEVICE_FAMILY = "1,2";
				TEST_TARGET_NAME = SwiftUIDemo;
			};
			name = Release;
		};
/* End XCBuildConfiguration section */

/* Begin XCConfigurationList section */
		152AC5AE23671B5C008A554C /* Build configuration list for PBXProject "SwiftUIDemo" */ = {
			isa = XCConfigurationList;
			buildConfigurations = (
				152AC5DB23671CFA008A554C /* Debug */,
				152AC5DC23671CFA008A554C /* Release */,
			);
			defaultConfigurationIsVisible = 0;
			defaultConfigurationName = Release;
		};
		152AC5DD23671CFA008A554C /* Build configuration list for PBXNativeTarget "SwiftUIDemo" */ = {
			isa = XCConfigurationList;
			buildConfigurations = (
				152AC5DE23671CFA008A554C /* Debug */,
				152AC5DF23671CFA008A554C /* Release */,
			);
			defaultConfigurationIsVisible = 0;
			defaultConfigurationName = Release;
		};
		152AC5E023671CFA008A554C /* Build configuration list for PBXNativeTarget "SwiftUIDemoTests" */ = {
			isa = XCConfigurationList;
			buildConfigurations = (
				152AC5E123671CFA008A554C /* Debug */,
				152AC5E223671CFA008A554C /* Release */,
			);
			defaultConfigurationIsVisible = 0;
			defaultConfigurationName = Release;
		};
		152AC5E323671CFA008A554C /* Build configuration list for PBXNativeTarget "SwiftUIDemoUITests" */ = {
			isa = XCConfigurationList;
			buildConfigurations = (
				152AC5E423671CFA008A554C /* Debug */,
				152AC5E523671CFA008A554C /* Release */,
			);
			defaultConfigurationIsVisible = 0;
			defaultConfigurationName = Release;
		};
/* End XCConfigurationList section */
	};
	rootObject = 152AC5AB23671B5C008A554C /* Project object */;
}
